github.com/antchfx/jsonquery v0.0.0-20180821084212-a2896be8c82b h1:oREWiN8d6BYorETYz2PH2Kk0CtUdp0RETyab7ep4jNY=
github.com/antchfx/jsonquery v0.0.0-20180821084212-a2896be8c82b/go.mod h1:h7950pvPrUZzJIflNqsELgDQovTpPNa0rAHf8NwjegY=
github.com/antchfx/xmlquery v1.0.0 h1:YuEPqexGG2opZKNc9JU3Zw6zFXwC47wNcy6/F8oKsrM=
github.com/antchfx/xmlquery v1.0.0/go.mod h1:/+CnyD/DzHRnv2eRxrVbieRU/FIF6N0C+7oTtyUtCKk=
github.com/antchfx/xpath v1.0.0 h1:Q5gFgh2O40VTSwMOVbFE7nFNRBu3tS21Tn0KAWeEjtk=
github.com/antchfx/xpath v1.0.0/go.mod h1:Yee4kTMuNiPYJ7nSNorELQMr1J33uOpXDMByNYhvtNk=
github.com/croz-ltd/confident v0.0.2 h1:utqZJvn8MRoK4SI3ZOV5CWsKbxyfO3jFD/Hv6msGs80=
github.com/croz-ltd/confident v0.0.2/go.mod h1:25U9yeNuVXYmCyA+AUZmNc8C3lqgY71HtQ1/wj0iIhg=
github.com/howeyc/gopass v0.0.0-20190910152052-7cb4b85ec19c h1:aY2hhxLhjEAbfXOx2nRJxCXezC6CO2V/yN+OCr1srtk=
github.com/howeyc/gopass v0.0.0-20190910152052-7cb4b85ec19c/go.mod h1:lADxMC39cJJqL93Duh1xhAs4I2Zs8mKS89XWXFGp9cs=
github.com/mattn/go-runewidth v0.0.4 h1:2BvfKmzob6Bmd4YsL0zygOqfdFnK7GR4QL06Do4/p7Y=
github.com/mattn/go-runewidth v0.0.4/go.mod h1:LwmH8dsx7+W8Uxz3IHJYH5QSwggIsqBzpuz5H//U1FU=
github.com/nsf/termbox-go v0.0.0-20190817171036-93860e161317 h1:hhGN4SFXgXo61Q4Sjj/X9sBjyeSa2kdpaOzCO+8EVQw=
github.com/nsf/termbox-go v0.0.0-20190817171036-93860e161317/go.mod h1:IuKpRQcYE1Tfu+oAQqaLisqDeXgjyyltCfsaoYN18NQ=
golang.org/x/crypto v0.0.0-20190308221718-c2843e01d9a2/go.mod h1:djNgcEr1/C05ACkg1iLfiJU5Ep61QUkGW8qpdssI0+w=
golang.org/x/crypto v0.0.0-20190923035154-9ee001bba392 h1:ACG4HJsFiNMf47Y4PeRoebLNy/2lXT9EtprMuTFWt1M=
golang.org/x/crypto v0.0.0-20190923035154-9ee001bba392/go.mod h1:/lpIB1dKB+9EgE3H3cr1v9wB50oz8l4C4h62xy7jSTY=
golang.org/x/net v0.0.0-20190404232315-eb5bcb51f2a3/go.mod h1:t9HGtf8HONx5eT2rtn7q6eTqICYqUVnKs3thJo3Qplg=
golang.org/x/net v0.0.0-20190923162816-aa69164e4478 h1:l5EDrHhldLYb3ZRHDUhXF7Om7MvYXnkV9/iQNo1lX6g=
golang.org/x/net v0.0.0-20190923162816-aa69164e4478/go.mod h1:z5CRVTTTmAJ677TzLLGU+0bjPO0LkuOLi4/5GtJWs/s=
golang.org/x/sys v0.0.0-20190215142949-d0b11bdaac8a/go.mod h1:STP8DvDyc/dI5b8T5hshtkjS+E42TnysNCUPdjciGhY=
golang.org/x/sys v0.0.0-20190922100055-0a153f010e69 h1:rOhMmluY6kLMhdnrivzec6lLgaVbMHMn2ISQXJeJ5EM=
golang.org/x/sys v0.0.0-20190922100055-0a153f010e69/go.mod h1:h1NjWce9XRLGQEsW7wpKNCjG9DtNlClVuFLEZdDNbEs=
golang.org/x/text v0.3.0 h1:g61tztE5qeGQ89tm6NTjjM9VPIm088od1l6aSorWRWg=
golang.org/x/text v0.3.0/go.mod h1:NqM8EUOU14njkJ3fqMW+pc6Ldnwhi/IjpwHt7yyuwOQ=
gopkg.in/check.v1 v0.0.0-20161208181325-20d25e280405/go.mod h1:Co6ibVJAznAaIkqp8huTwlJQCZ016jof/cbN4VW5Yz0=
gopkg.in/yaml.v2 v2.2.2 h1:ZCJp+EgiOT7lHqUV2J862kp8Qj64Jo6az82+3Td9dZw=
gopkg.in/yaml.v2 v2.2.2/go.mod h1:hI93XBmqTisBFMUTm0b8Fm+jr3Dg1NNxqwp+5A1VGuI=
